
Microsoft Visual Studio Solution File, Format Version 12.00
# Visual Studio Version 16
VisualStudioVersion = 16.0.30804.86
MinimumVisualStudioVersion = 10.0.40219.1
Project("{FAE04EC0-301F-11D3-BF4B-00C04F79EFBC}") = "ToSoftware.Shop.Catalog.Api", "ToSoftware.Shop.Catalog.Api\ToSoftware.Shop.Catalog.Api.csproj", "{DAFE2C64-A5C9-45F0-AE8F-DCD30766A769}"
EndProject
Global
	GlobalSection(SolutionConfigurationPlatforms) = preSolution
		Debug|Any CPU = Debug|Any CPU
		Release|Any CPU = Release|Any CPU
	EndGlobalSection
	GlobalSection(ProjectConfigurationPlatforms) = postSolution
		{DAFE2C64-A5C9-45F0-AE8F-DCD30766A769}.Debug|Any CPU.ActiveCfg = Debug|Any CPU
		{DAFE2C64-A5C9-45F0-AE8F-DCD30766A769}.Debug|Any CPU.Build.0 = Debug|Any CPU
		{DAFE2C64-A5C9-45F0-AE8F-DCD30766A769}.Release|Any CPU.ActiveCfg = Release|Any CPU
		{DAFE2C64-A5C9-45F0-AE8F-DCD30766A769}.Release|Any CPU.Build.0 = Release|Any CPU
	EndGlobalSection
	GlobalSection(SolutionProperties) = preSolution
		HideSolutionNode = FALSE
	EndGlobalSection
	GlobalSection(ExtensibilityGlobals) = postSolution
		SolutionGuid = {9DE78243-F10D-43E2-B7F2-4651AC94352E}
	EndGlobalSection
EndGlobal
